
Microsoft Visual Studio Solution File, Format Version 12.00
# Visual Studio Version 17
VisualStudioVersion = 17.10.35013.160
MinimumVisualStudioVersion = 10.0.40219.1
Project("{FAE04EC0-301F-11D3-BF4B-00C04F79EFBC}") = "Anamation in Monogame", "Anamation in Monogame.csproj", "{A6D7BFD5-45D3-4EE3-9AF5-65DF1A90A12C}"
EndProject
Global
	GlobalSection(SolutionConfigurationPlatforms) = preSolution
		Debug|Any CPU = Debug|Any CPU
		Release|Any CPU = Release|Any CPU
	EndGlobalSection
	GlobalSection(ProjectConfigurationPlatforms) = postSolution
		{A6D7BFD5-45D3-4EE3-9AF5-65DF1A90A12C}.Debug|Any CPU.ActiveCfg = Debug|Any CPU
		{A6D7BFD5-45D3-4EE3-9AF5-65DF1A90A12C}.Debug|Any CPU.Build.0 = Debug|Any CPU
		{A6D7BFD5-45D3-4EE3-9AF5-65DF1A90A12C}.Release|Any CPU.ActiveCfg = Release|Any CPU
		{A6D7BFD5-45D3-4EE3-9AF5-65DF1A90A12C}.Release|Any CPU.Build.0 = Release|Any CPU
	EndGlobalSection
	GlobalSection(SolutionProperties) = preSolution
		HideSolutionNode = FALSE
	EndGlobalSection
	GlobalSection(ExtensibilityGlobals) = postSolution
		SolutionGuid = {184CF9F7-0FEE-4EB4-99AA-3076384B6DE8}
	EndGlobalSection
EndGlobal
